<?xml version="1.0" encoding="utf-8"?>
<Project ToolsVersion="4.0" xmlns="http://schemas.microsoft.com/developer/msbuild/2003">
  <ItemGroup>
    <ClCompile Include="game\AF.cpp">
      <Filter>Source Files</Filter>
    </ClCompile>
    <ClCompile Include="game\AFEntity.cpp">
      <Filter>Source Files</Filter>
    </ClCompile>
    <ClCompile Include="game\Actor.cpp">
      <Filter>Source Files</Filter>
    </ClCompile>
    <ClCompile Include="game\Camera.cpp">
      <Filter>Source Files</Filter>
    </ClCompile>
    <ClCompile Include="game\Entity.cpp">
      <Filter>Source Files</Filter>
    </ClCompile>
    <ClCompile Include="game\BrittleFracture.cpp">
      <Filter>Source Files</Filter>
    </ClCompile>
    <ClCompile Include="game\Fx.cpp">
      <Filter>Source Files</Filter>
    </ClCompile>
    <ClCompile Include="game\GameEdit.cpp">
      <Filter>Source Files</Filter>
    </ClCompile>
    <ClCompile Include="game\Game_local.cpp">
      <Filter>Source Files</Filter>
    </ClCompile>
    <ClCompile Include="game\Game_network.cpp">
      <Filter>Source Files</Filter>
    </ClCompile>
    <ClCompile Include="game\Item.cpp">
      <Filter>Source Files</Filter>
    </ClCompile>
    <ClCompile Include="game\IK.cpp">
      <Filter>Source Files</Filter>
    </ClCompile>
    <ClCompile Include="game\Light.cpp">
      <Filter>Source Files</Filter>
    </ClCompile>
    <ClCompile Include="game\Misc.cpp">
      <Filter>Source Files</Filter>
    </ClCompile>
    <ClCompile Include="game\Mover.cpp">
      <Filter>Source Files</Filter>
    </ClCompile>
    <ClCompile Include="game\Moveable.cpp">
      <Filter>Source Files</Filter>
    </ClCompile>
    <ClCompile Include="game\MultiplayerGame.cpp">
      <Filter>Source Files</Filter>
    </ClCompile>
    <ClCompile Include="game\Player.cpp">
      <Filter>Source Files</Filter>
    </ClCompile>
    <ClCompile Include="game\PlayerIcon.cpp">
      <Filter>Source Files</Filter>
    </ClCompile>
    <ClCompile Include="game\PlayerView.cpp">
      <Filter>Source Files</Filter>
    </ClCompile>
    <ClCompile Include="game\Projectile.cpp">
      <Filter>Source Files</Filter>
    </ClCompile>
    <ClCompile Include="game\Pvs.cpp">
      <Filter>Source Files</Filter>
    </ClCompile>
    <ClCompile Include="game\SecurityCamera.cpp">
      <Filter>Source Files</Filter>
    </ClCompile>
    <ClCompile Include="game\SmokeParticles.cpp">
      <Filter>Source Files</Filter>
    </ClCompile>
    <ClCompile Include="game\Sound.cpp">
      <Filter>Source Files</Filter>
    </ClCompile>
    <ClCompile Include="game\Target.cpp">
      <Filter>Source Files</Filter>
    </ClCompile>
    <ClCompile Include="game\Trigger.cpp">
      <Filter>Source Files</Filter>
    </ClCompile>
    <ClCompile Include="game\Weapon.cpp">
      <Filter>Source Files</Filter>
    </ClCompile>
    <ClCompile Include="game\WorldSpawn.cpp">
      <Filter>Source Files</Filter>
    </ClCompile>
    <ClCompile Include="game\ai\AAS.cpp">
      <Filter>Source Files</Filter>
    </ClCompile>
    <ClCompile Include="game\ai\AAS_debug.cpp">
      <Filter>Source Files</Filter>
    </ClCompile>
    <ClCompile Include="game\ai\AAS_pathing.cpp">
      <Filter>Source Files</Filter>
    </ClCompile>
    <ClCompile Include="game\ai\AAS_routing.cpp">
      <Filter>Source Files</Filter>
    </ClCompile>
    <ClCompile Include="game\ai\AI.cpp">
      <Filter>Source Files</Filter>
    </ClCompile>
    <ClCompile Include="game\ai\AI_events.cpp">
      <Filter>Source Files</Filter>
    </ClCompile>
    <ClCompile Include="game\ai\AI_pathing.cpp">
      <Filter>Source Files</Filter>
    </ClCompile>
    <ClCompile Include="game\ai\AI_Vagary.cpp">
      <Filter>Source Files</Filter>
    </ClCompile>
    <ClCompile Include="game\gamesys\DebugGraph.cpp">
      <Filter>Source Files</Filter>
    </ClCompile>
    <ClCompile Include="game\gamesys\Class.cpp">
      <Filter>Source Files</Filter>
    </ClCompile>
    <ClCompile Include="game\gamesys\Event.cpp">
      <Filter>Source Files</Filter>
    </ClCompile>
    <ClCompile Include="game\gamesys\SaveGame.cpp">
      <Filter>Source Files</Filter>
    </ClCompile>
    <ClCompile Include="game\gamesys\SysCmds.cpp">
      <Filter>Source Files</Filter>
    </ClCompile>
    <ClCompile Include="game\gamesys\SysCvar.cpp">
      <Filter>Source Files</Filter>
    </ClCompile>
    <ClCompile Include="game\gamesys\TypeInfo.cpp">
      <Filter>Source Files</Filter>
    </ClCompile>
    <ClCompile Include="game\anim\Anim.cpp">
      <Filter>Source Files</Filter>
    </ClCompile>
    <ClCompile Include="game\anim\Anim_Blend.cpp">
      <Filter>Source Files</Filter>
    </ClCompile>
    <ClCompile Include="game\anim\Anim_Import.cpp">
      <Filter>Source Files</Filter>
    </ClCompile>
    <ClCompile Include="game\anim\Anim_Testmodel.cpp">
      <Filter>Source Files</Filter>
    </ClCompile>
    <ClCompile Include="game\script\Script_Compiler.cpp">
      <Filter>Source Files</Filter>
    </ClCompile>
    <ClCompile Include="game\script\Script_Interpreter.cpp">
      <Filter>Source Files</Filter>
    </ClCompile>
    <ClCompile Include="game\script\Script_Program.cpp">
      <Filter>Source Files</Filter>
    </ClCompile>
    <ClCompile Include="game\script\Script_Thread.cpp">
      <Filter>Source Files</Filter>
    </ClCompile>
    <ClCompile Include="game\physics\Clip.cpp">
      <Filter>Source Files</Filter>
    </ClCompile>
    <ClCompile Include="game\physics\Force.cpp">
      <Filter>Source Files</Filter>
    </ClCompile>
    <ClCompile Include="game\physics\Force_Constant.cpp">
      <Filter>Source Files</Filter>
    </ClCompile>
    <ClCompile Include="game\physics\Force_Drag.cpp">
      <Filter>Source Files</Filter>
    </ClCompile>
    <ClCompile Include="game\physics\Force_Field.cpp">
      <Filter>Source Files</Filter>
    </ClCompile>
    <ClCompile Include="game\physics\Force_Spring.cpp">
      <Filter>Source Files</Filter>
    </ClCompile>
    <ClCompile Include="game\physics\Physics.cpp">
      <Filter>Source Files</Filter>
    </ClCompile>
    <ClCompile Include="game\physics\Physics_AF.cpp">
      <Filter>Source Files</Filter>
    </ClCompile>
    <ClCompile Include="game\physics\Physics_Actor.cpp">
      <Filter>Source Files</Filter>
    </ClCompile>
    <ClCompile Include="game\physics\Physics_Base.cpp">
      <Filter>Source Files</Filter>
    </ClCompile>
    <ClCompile Include="game\physics\Physics_Monster.cpp">
      <Filter>Source Files</Filter>
    </ClCompile>
    <ClCompile Include="game\physics\Physics_Parametric.cpp">
      <Filter>Source Files</Filter>
    </ClCompile>
    <ClCompile Include="game\physics\Physics_Player.cpp">
      <Filter>Source Files</Filter>
    </ClCompile>
    <ClCompile Include="game\physics\Physics_RigidBody.cpp">
      <Filter>Source Files</Filter>
    </ClCompile>
    <ClCompile Include="game\physics\Physics_Static.cpp">
      <Filter>Source Files</Filter>
    </ClCompile>
    <ClCompile Include="game\physics\Physics_StaticMulti.cpp">
      <Filter>Source Files</Filter>
    </ClCompile>
    <ClCompile Include="game\physics\Push.cpp">
      <Filter>Source Files</Filter>
    </ClCompile>
  </ItemGroup>
  <ItemGroup>
    <Filter Include="Source Files">
      <UniqueIdentifier>{DEC3833F-997B-35EE-B5FE-C93AD39B567A}</UniqueIdentifier>
    </Filter>
  </ItemGroup>
  <ItemGroup>
    <CustomBuild Include="CMakeLists.txt">
      <Filter>Source Files</Filter>
    </CustomBuild>
  </ItemGroup>
</Project>