<?xml version="1.0" encoding="utf-8"?>
<Project ToolsVersion="4.0" xmlns="http://schemas.microsoft.com/developer/msbuild/2003">
  <ItemGroup>
    <ClCompile Include="renderer\Cinematic.cpp">
      <Filter>Source Files</Filter>
    </ClCompile>
    <ClCompile Include="renderer\GuiModel.cpp">
      <Filter>Source Files</Filter>
    </ClCompile>
    <ClCompile Include="renderer\Image_files.cpp">
      <Filter>Source Files</Filter>
    </ClCompile>
    <ClCompile Include="renderer\Image_init.cpp">
      <Filter>Source Files</Filter>
    </ClCompile>
    <ClCompile Include="renderer\Image_load.cpp">
      <Filter>Source Files</Filter>
    </ClCompile>
    <ClCompile Include="renderer\Image_process.cpp">
      <Filter>Source Files</Filter>
    </ClCompile>
    <ClCompile Include="renderer\Image_program.cpp">
      <Filter>Source Files</Filter>
    </ClCompile>
    <ClCompile Include="renderer\Interaction.cpp">
      <Filter>Source Files</Filter>
    </ClCompile>
    <ClCompile Include="renderer\Material.cpp">
      <Filter>Source Files</Filter>
    </ClCompile>
    <ClCompile Include="renderer\MegaTexture.cpp">
      <Filter>Source Files</Filter>
    </ClCompile>
    <ClCompile Include="renderer\Model.cpp">
      <Filter>Source Files</Filter>
    </ClCompile>
    <ClCompile Include="renderer\ModelDecal.cpp">
      <Filter>Source Files</Filter>
    </ClCompile>
    <ClCompile Include="renderer\ModelManager.cpp">
      <Filter>Source Files</Filter>
    </ClCompile>
    <ClCompile Include="renderer\ModelOverlay.cpp">
      <Filter>Source Files</Filter>
    </ClCompile>
    <ClCompile Include="renderer\Model_beam.cpp">
      <Filter>Source Files</Filter>
    </ClCompile>
    <ClCompile Include="renderer\Model_ase.cpp">
      <Filter>Source Files</Filter>
    </ClCompile>
    <ClCompile Include="renderer\Model_liquid.cpp">
      <Filter>Source Files</Filter>
    </ClCompile>
    <ClCompile Include="renderer\Model_lwo.cpp">
      <Filter>Source Files</Filter>
    </ClCompile>
    <ClCompile Include="renderer\Model_ma.cpp">
      <Filter>Source Files</Filter>
    </ClCompile>
    <ClCompile Include="renderer\Model_md3.cpp">
      <Filter>Source Files</Filter>
    </ClCompile>
    <ClCompile Include="renderer\Model_md5.cpp">
      <Filter>Source Files</Filter>
    </ClCompile>
    <ClCompile Include="renderer\Model_prt.cpp">
      <Filter>Source Files</Filter>
    </ClCompile>
    <ClCompile Include="renderer\Model_sprite.cpp">
      <Filter>Source Files</Filter>
    </ClCompile>
    <ClCompile Include="renderer\RenderEntity.cpp">
      <Filter>Source Files</Filter>
    </ClCompile>
    <ClCompile Include="renderer\RenderSystem.cpp">
      <Filter>Source Files</Filter>
    </ClCompile>
    <ClCompile Include="renderer\RenderSystem_init.cpp">
      <Filter>Source Files</Filter>
    </ClCompile>
    <ClCompile Include="renderer\RenderWorld.cpp">
      <Filter>Source Files</Filter>
    </ClCompile>
    <ClCompile Include="renderer\RenderWorld_demo.cpp">
      <Filter>Source Files</Filter>
    </ClCompile>
    <ClCompile Include="renderer\RenderWorld_load.cpp">
      <Filter>Source Files</Filter>
    </ClCompile>
    <ClCompile Include="renderer\RenderWorld_portals.cpp">
      <Filter>Source Files</Filter>
    </ClCompile>
    <ClCompile Include="renderer\VertexCache.cpp">
      <Filter>Source Files</Filter>
    </ClCompile>
    <ClCompile Include="renderer\draw_arb2.cpp">
      <Filter>Source Files</Filter>
    </ClCompile>
    <ClCompile Include="renderer\draw_common.cpp">
      <Filter>Source Files</Filter>
    </ClCompile>
    <ClCompile Include="renderer\tr_backend.cpp">
      <Filter>Source Files</Filter>
    </ClCompile>
    <ClCompile Include="renderer\tr_deform.cpp">
      <Filter>Source Files</Filter>
    </ClCompile>
    <ClCompile Include="renderer\tr_font.cpp">
      <Filter>Source Files</Filter>
    </ClCompile>
    <ClCompile Include="renderer\tr_guisurf.cpp">
      <Filter>Source Files</Filter>
    </ClCompile>
    <ClCompile Include="renderer\tr_light.cpp">
      <Filter>Source Files</Filter>
    </ClCompile>
    <ClCompile Include="renderer\tr_lightrun.cpp">
      <Filter>Source Files</Filter>
    </ClCompile>
    <ClCompile Include="renderer\tr_main.cpp">
      <Filter>Source Files</Filter>
    </ClCompile>
    <ClCompile Include="renderer\tr_orderIndexes.cpp">
      <Filter>Source Files</Filter>
    </ClCompile>
    <ClCompile Include="renderer\tr_polytope.cpp">
      <Filter>Source Files</Filter>
    </ClCompile>
    <ClCompile Include="renderer\tr_render.cpp">
      <Filter>Source Files</Filter>
    </ClCompile>
    <ClCompile Include="renderer\tr_rendertools.cpp">
      <Filter>Source Files</Filter>
    </ClCompile>
    <ClCompile Include="renderer\tr_shadowbounds.cpp">
      <Filter>Source Files</Filter>
    </ClCompile>
    <ClCompile Include="renderer\tr_stencilshadow.cpp">
      <Filter>Source Files</Filter>
    </ClCompile>
    <ClCompile Include="renderer\tr_subview.cpp">
      <Filter>Source Files</Filter>
    </ClCompile>
    <ClCompile Include="renderer\tr_trace.cpp">
      <Filter>Source Files</Filter>
    </ClCompile>
    <ClCompile Include="renderer\tr_trisurf.cpp">
      <Filter>Source Files</Filter>
    </ClCompile>
    <ClCompile Include="renderer\tr_turboshadow.cpp">
      <Filter>Source Files</Filter>
    </ClCompile>
    <ClCompile Include="framework\CVarSystem.cpp">
      <Filter>Source Files</Filter>
    </ClCompile>
    <ClCompile Include="framework\CmdSystem.cpp">
      <Filter>Source Files</Filter>
    </ClCompile>
    <ClCompile Include="framework\Common.cpp">
      <Filter>Source Files</Filter>
    </ClCompile>
    <ClCompile Include="framework\Compressor.cpp">
      <Filter>Source Files</Filter>
    </ClCompile>
    <ClCompile Include="framework\Console.cpp">
      <Filter>Source Files</Filter>
    </ClCompile>
    <ClCompile Include="framework\DemoFile.cpp">
      <Filter>Source Files</Filter>
    </ClCompile>
    <ClCompile Include="framework\DeclAF.cpp">
      <Filter>Source Files</Filter>
    </ClCompile>
    <ClCompile Include="framework\DeclEntityDef.cpp">
      <Filter>Source Files</Filter>
    </ClCompile>
    <ClCompile Include="framework\DeclFX.cpp">
      <Filter>Source Files</Filter>
    </ClCompile>
    <ClCompile Include="framework\DeclManager.cpp">
      <Filter>Source Files</Filter>
    </ClCompile>
    <ClCompile Include="framework\DeclParticle.cpp">
      <Filter>Source Files</Filter>
    </ClCompile>
    <ClCompile Include="framework\DeclPDA.cpp">
      <Filter>Source Files</Filter>
    </ClCompile>
    <ClCompile Include="framework\DeclSkin.cpp">
      <Filter>Source Files</Filter>
    </ClCompile>
    <ClCompile Include="framework\DeclTable.cpp">
      <Filter>Source Files</Filter>
    </ClCompile>
    <ClCompile Include="framework\EditField.cpp">
      <Filter>Source Files</Filter>
    </ClCompile>
    <ClCompile Include="framework\EventLoop.cpp">
      <Filter>Source Files</Filter>
    </ClCompile>
    <ClCompile Include="framework\File.cpp">
      <Filter>Source Files</Filter>
    </ClCompile>
    <ClCompile Include="framework\FileSystem.cpp">
      <Filter>Source Files</Filter>
    </ClCompile>
    <ClCompile Include="framework\KeyInput.cpp">
      <Filter>Source Files</Filter>
    </ClCompile>
    <ClCompile Include="framework\UsercmdGen.cpp">
      <Filter>Source Files</Filter>
    </ClCompile>
    <ClCompile Include="framework\Session_menu.cpp">
      <Filter>Source Files</Filter>
    </ClCompile>
    <ClCompile Include="framework\Session.cpp">
      <Filter>Source Files</Filter>
    </ClCompile>
    <ClCompile Include="framework\async\AsyncClient.cpp">
      <Filter>Source Files</Filter>
    </ClCompile>
    <ClCompile Include="framework\async\AsyncNetwork.cpp">
      <Filter>Source Files</Filter>
    </ClCompile>
    <ClCompile Include="framework\async\AsyncServer.cpp">
      <Filter>Source Files</Filter>
    </ClCompile>
    <ClCompile Include="framework\async\MsgChannel.cpp">
      <Filter>Source Files</Filter>
    </ClCompile>
    <ClCompile Include="framework\async\NetworkSystem.cpp">
      <Filter>Source Files</Filter>
    </ClCompile>
    <ClCompile Include="framework\async\ServerScan.cpp">
      <Filter>Source Files</Filter>
    </ClCompile>
    <ClCompile Include="framework\minizip\ioapi.c">
      <Filter>Source Files</Filter>
    </ClCompile>
    <ClCompile Include="framework\minizip\unzip.cpp">
      <Filter>Source Files</Filter>
    </ClCompile>
    <ClCompile Include="cm\CollisionModel_contacts.cpp">
      <Filter>Source Files</Filter>
    </ClCompile>
    <ClCompile Include="cm\CollisionModel_contents.cpp">
      <Filter>Source Files</Filter>
    </ClCompile>
    <ClCompile Include="cm\CollisionModel_debug.cpp">
      <Filter>Source Files</Filter>
    </ClCompile>
    <ClCompile Include="cm\CollisionModel_files.cpp">
      <Filter>Source Files</Filter>
    </ClCompile>
    <ClCompile Include="cm\CollisionModel_load.cpp">
      <Filter>Source Files</Filter>
    </ClCompile>
    <ClCompile Include="cm\CollisionModel_rotate.cpp">
      <Filter>Source Files</Filter>
    </ClCompile>
    <ClCompile Include="cm\CollisionModel_trace.cpp">
      <Filter>Source Files</Filter>
    </ClCompile>
    <ClCompile Include="cm\CollisionModel_translate.cpp">
      <Filter>Source Files</Filter>
    </ClCompile>
    <ClCompile Include="tools\compilers\dmap\dmap.cpp">
      <Filter>Source Files</Filter>
    </ClCompile>
    <ClCompile Include="tools\compilers\dmap\facebsp.cpp">
      <Filter>Source Files</Filter>
    </ClCompile>
    <ClCompile Include="tools\compilers\dmap\gldraw.cpp">
      <Filter>Source Files</Filter>
    </ClCompile>
    <ClCompile Include="tools\compilers\dmap\glfile.cpp">
      <Filter>Source Files</Filter>
    </ClCompile>
    <ClCompile Include="tools\compilers\dmap\leakfile.cpp">
      <Filter>Source Files</Filter>
    </ClCompile>
    <ClCompile Include="tools\compilers\dmap\map.cpp">
      <Filter>Source Files</Filter>
    </ClCompile>
    <ClCompile Include="tools\compilers\dmap\optimize.cpp">
      <Filter>Source Files</Filter>
    </ClCompile>
    <ClCompile Include="tools\compilers\dmap\output.cpp">
      <Filter>Source Files</Filter>
    </ClCompile>
    <ClCompile Include="tools\compilers\dmap\portals.cpp">
      <Filter>Source Files</Filter>
    </ClCompile>
    <ClCompile Include="tools\compilers\dmap\shadowopt3.cpp">
      <Filter>Source Files</Filter>
    </ClCompile>
    <ClCompile Include="tools\compilers\dmap\tritjunction.cpp">
      <Filter>Source Files</Filter>
    </ClCompile>
    <ClCompile Include="tools\compilers\dmap\tritools.cpp">
      <Filter>Source Files</Filter>
    </ClCompile>
    <ClCompile Include="tools\compilers\dmap\ubrush.cpp">
      <Filter>Source Files</Filter>
    </ClCompile>
    <ClCompile Include="tools\compilers\dmap\usurface.cpp">
      <Filter>Source Files</Filter>
    </ClCompile>
    <ClCompile Include="tools\compilers\aas\AASBuild.cpp">
      <Filter>Source Files</Filter>
    </ClCompile>
    <ClCompile Include="tools\compilers\aas\AASBuild_file.cpp">
      <Filter>Source Files</Filter>
    </ClCompile>
    <ClCompile Include="tools\compilers\aas\AASBuild_gravity.cpp">
      <Filter>Source Files</Filter>
    </ClCompile>
    <ClCompile Include="tools\compilers\aas\AASBuild_ledge.cpp">
      <Filter>Source Files</Filter>
    </ClCompile>
    <ClCompile Include="tools\compilers\aas\AASBuild_merge.cpp">
      <Filter>Source Files</Filter>
    </ClCompile>
    <ClCompile Include="tools\compilers\aas\AASCluster.cpp">
      <Filter>Source Files</Filter>
    </ClCompile>
    <ClCompile Include="tools\compilers\aas\AASFile.cpp">
      <Filter>Source Files</Filter>
    </ClCompile>
    <ClCompile Include="tools\compilers\aas\AASFile_optimize.cpp">
      <Filter>Source Files</Filter>
    </ClCompile>
    <ClCompile Include="tools\compilers\aas\AASFile_sample.cpp">
      <Filter>Source Files</Filter>
    </ClCompile>
    <ClCompile Include="tools\compilers\aas\AASReach.cpp">
      <Filter>Source Files</Filter>
    </ClCompile>
    <ClCompile Include="tools\compilers\aas\AASFileManager.cpp">
      <Filter>Source Files</Filter>
    </ClCompile>
    <ClCompile Include="tools\compilers\aas\Brush.cpp">
      <Filter>Source Files</Filter>
    </ClCompile>
    <ClCompile Include="tools\compilers\aas\BrushBSP.cpp">
      <Filter>Source Files</Filter>
    </ClCompile>
    <ClCompile Include="tools\compilers\roqvq\NSBitmapImageRep.cpp">
      <Filter>Source Files</Filter>
    </ClCompile>
    <ClCompile Include="tools\compilers\roqvq\codec.cpp">
      <Filter>Source Files</Filter>
    </ClCompile>
    <ClCompile Include="tools\compilers\roqvq\roq.cpp">
      <Filter>Source Files</Filter>
    </ClCompile>
    <ClCompile Include="tools\compilers\roqvq\roqParam.cpp">
      <Filter>Source Files</Filter>
    </ClCompile>
    <ClCompile Include="tools\compilers\renderbump\renderbump.cpp">
      <Filter>Source Files</Filter>
    </ClCompile>
    <ClCompile Include="sound\snd_cache.cpp">
      <Filter>Source Files</Filter>
    </ClCompile>
    <ClCompile Include="sound\snd_decoder.cpp">
      <Filter>Source Files</Filter>
    </ClCompile>
    <ClCompile Include="sound\snd_efxfile.cpp">
      <Filter>Source Files</Filter>
    </ClCompile>
    <ClCompile Include="sound\snd_emitter.cpp">
      <Filter>Source Files</Filter>
    </ClCompile>
    <ClCompile Include="sound\snd_shader.cpp">
      <Filter>Source Files</Filter>
    </ClCompile>
    <ClCompile Include="sound\snd_system.cpp">
      <Filter>Source Files</Filter>
    </ClCompile>
    <ClCompile Include="sound\snd_wavefile.cpp">
      <Filter>Source Files</Filter>
    </ClCompile>
    <ClCompile Include="sound\snd_world.cpp">
      <Filter>Source Files</Filter>
    </ClCompile>
    <ClCompile Include="ui\BindWindow.cpp">
      <Filter>Source Files</Filter>
    </ClCompile>
    <ClCompile Include="ui\ChoiceWindow.cpp">
      <Filter>Source Files</Filter>
    </ClCompile>
    <ClCompile Include="ui\DeviceContext.cpp">
      <Filter>Source Files</Filter>
    </ClCompile>
    <ClCompile Include="ui\EditWindow.cpp">
      <Filter>Source Files</Filter>
    </ClCompile>
    <ClCompile Include="ui\FieldWindow.cpp">
      <Filter>Source Files</Filter>
    </ClCompile>
    <ClCompile Include="ui\GameBearShootWindow.cpp">
      <Filter>Source Files</Filter>
    </ClCompile>
    <ClCompile Include="ui\GameBustOutWindow.cpp">
      <Filter>Source Files</Filter>
    </ClCompile>
    <ClCompile Include="ui\GameSSDWindow.cpp">
      <Filter>Source Files</Filter>
    </ClCompile>
    <ClCompile Include="ui\GuiScript.cpp">
      <Filter>Source Files</Filter>
    </ClCompile>
    <ClCompile Include="ui\ListGUI.cpp">
      <Filter>Source Files</Filter>
    </ClCompile>
    <ClCompile Include="ui\ListWindow.cpp">
      <Filter>Source Files</Filter>
    </ClCompile>
    <ClCompile Include="ui\MarkerWindow.cpp">
      <Filter>Source Files</Filter>
    </ClCompile>
    <ClCompile Include="ui\RegExp.cpp">
      <Filter>Source Files</Filter>
    </ClCompile>
    <ClCompile Include="ui\RenderWindow.cpp">
      <Filter>Source Files</Filter>
    </ClCompile>
    <ClCompile Include="ui\SimpleWindow.cpp">
      <Filter>Source Files</Filter>
    </ClCompile>
    <ClCompile Include="ui\SliderWindow.cpp">
      <Filter>Source Files</Filter>
    </ClCompile>
    <ClCompile Include="ui\UserInterface.cpp">
      <Filter>Source Files</Filter>
    </ClCompile>
    <ClCompile Include="ui\Window.cpp">
      <Filter>Source Files</Filter>
    </ClCompile>
    <ClCompile Include="ui\Winvar.cpp">
      <Filter>Source Files</Filter>
    </ClCompile>
    <ClCompile Include="tools\guied\GEWindowWrapper_stub.cpp">
      <Filter>Source Files</Filter>
    </ClCompile>
    <ClCompile Include="sys\cpu.cpp">
      <Filter>Source Files</Filter>
    </ClCompile>
    <ClCompile Include="sys\threads.cpp">
      <Filter>Source Files</Filter>
    </ClCompile>
    <ClCompile Include="sys\events.cpp">
      <Filter>Source Files</Filter>
    </ClCompile>
    <ClCompile Include="sys\sys_local.cpp">
      <Filter>Source Files</Filter>
    </ClCompile>
    <ClCompile Include="sys\win32\win_input.cpp">
      <Filter>Source Files</Filter>
    </ClCompile>
    <ClCompile Include="sys\win32\win_main.cpp">
      <Filter>Source Files</Filter>
    </ClCompile>
    <ClCompile Include="sys\win32\win_net.cpp">
      <Filter>Source Files</Filter>
    </ClCompile>
    <ClCompile Include="sys\win32\win_shared.cpp">
      <Filter>Source Files</Filter>
    </ClCompile>
    <ClCompile Include="sys\win32\win_syscon.cpp">
      <Filter>Source Files</Filter>
    </ClCompile>
    <ClCompile Include="sys\win32\SDL_win32_main.c">
      <Filter>Source Files</Filter>
    </ClCompile>
    <ClCompile Include="sys\glimp.cpp">
      <Filter>Source Files</Filter>
    </ClCompile>
    <ClCompile Include="framework\async\Masterserver.cpp">
      <Filter>Source Files</Filter>
    </ClCompile>
  </ItemGroup>
  <ItemGroup>
    <CustomBuild Include="CMakeLists.txt" />
  </ItemGroup>
  <ItemGroup>
    <ResourceCompile Include="sys\win32\rc\dhewm3.rc">
      <Filter>Source Files</Filter>
    </ResourceCompile>
    <ResourceCompile Include="properties.rc" />
  </ItemGroup>
  <ItemGroup>
    <Filter Include="Source Files">
      <UniqueIdentifier>{DEC3833F-997B-35EE-B5FE-C93AD39B567A}</UniqueIdentifier>
    </Filter>
  </ItemGroup>
</Project>