Microsoft Visual Studio Solution File, Format Version 11.00
# Visual Studio 2010
Project("{8BC9CEB8-8B4A-11D0-8D11-00A0C91BC942}") = "ALL_BUILD", "ALL_BUILD.vcxproj", "{AD8ABDC8-412B-3007-A0DA-05448C52B7D2}"
	ProjectSection(ProjectDependencies) = postProject
		{29CC0302-05D1-329E-88AB-9B2A2DE0532E} = {29CC0302-05D1-329E-88AB-9B2A2DE0532E}
		{8282064D-5D5B-310F-A8C0-15BA11B90E99} = {8282064D-5D5B-310F-A8C0-15BA11B90E99}
		{2456FF5B-5C7B-3D2F-AAD1-918D38F45497} = {2456FF5B-5C7B-3D2F-AAD1-918D38F45497}
		{CAA95775-9D17-3062-AD07-85A4FBB18046} = {CAA95775-9D17-3062-AD07-85A4FBB18046}
		{A95607B3-EA3C-39C9-AAE5-BB24431D1D62} = {A95607B3-EA3C-39C9-AAE5-BB24431D1D62}
		{D93369CA-F4CA-3152-B377-B6A73AFC353B} = {D93369CA-F4CA-3152-B377-B6A73AFC353B}
	EndProjectSection
EndProject
Project("{8BC9CEB8-8B4A-11D0-8D11-00A0C91BC942}") = "ZERO_CHECK", "ZERO_CHECK.vcxproj", "{29CC0302-05D1-329E-88AB-9B2A2DE0532E}"
EndProject
Project("{8BC9CEB8-8B4A-11D0-8D11-00A0C91BC942}") = "base", "base.vcxproj", "{8282064D-5D5B-310F-A8C0-15BA11B90E99}"
	ProjectSection(ProjectDependencies) = postProject
		{29CC0302-05D1-329E-88AB-9B2A2DE0532E} = {29CC0302-05D1-329E-88AB-9B2A2DE0532E}
		{2456FF5B-5C7B-3D2F-AAD1-918D38F45497} = {2456FF5B-5C7B-3D2F-AAD1-918D38F45497}
	EndProjectSection
EndProject
Project("{8BC9CEB8-8B4A-11D0-8D11-00A0C91BC942}") = "d3xp", "d3xp.vcxproj", "{A95607B3-EA3C-39C9-AAE5-BB24431D1D62}"
	ProjectSection(ProjectDependencies) = postProject
		{29CC0302-05D1-329E-88AB-9B2A2DE0532E} = {29CC0302-05D1-329E-88AB-9B2A2DE0532E}
		{2456FF5B-5C7B-3D2F-AAD1-918D38F45497} = {2456FF5B-5C7B-3D2F-AAD1-918D38F45497}
	EndProjectSection
EndProject
Project("{8BC9CEB8-8B4A-11D0-8D11-00A0C91BC942}") = "HASTE", "dhewm3.vcxproj", "{D93369CA-F4CA-3152-B377-B6A73AFC353B}"
	ProjectSection(ProjectDependencies) = postProject
		{29CC0302-05D1-329E-88AB-9B2A2DE0532E} = {29CC0302-05D1-329E-88AB-9B2A2DE0532E}
		{93A50857-B96E-4FCD-BC07-BB39332083BC} = {93A50857-B96E-4FCD-BC07-BB39332083BC}
		{2456FF5B-5C7B-3D2F-AAD1-918D38F45497} = {2456FF5B-5C7B-3D2F-AAD1-918D38F45497}
	EndProjectSection
EndProject
Project("{8BC9CEB8-8B4A-11D0-8D11-00A0C91BC942}") = "HASTEded", "dhewm3ded.vcxproj", "{CAA95775-9D17-3062-AD07-85A4FBB18046}"
	ProjectSection(ProjectDependencies) = postProject
		{29CC0302-05D1-329E-88AB-9B2A2DE0532E} = {29CC0302-05D1-329E-88AB-9B2A2DE0532E}
		{93A50857-B96E-4FCD-BC07-BB39332083BC} = {93A50857-B96E-4FCD-BC07-BB39332083BC}
		{2456FF5B-5C7B-3D2F-AAD1-918D38F45497} = {2456FF5B-5C7B-3D2F-AAD1-918D38F45497}
	EndProjectSection
EndProject
Project("{8BC9CEB8-8B4A-11D0-8D11-00A0C91BC942}") = "idlib", "idlib.vcxproj", "{2456FF5B-5C7B-3D2F-AAD1-918D38F45497}"
	ProjectSection(ProjectDependencies) = postProject
		{29CC0302-05D1-329E-88AB-9B2A2DE0532E} = {29CC0302-05D1-329E-88AB-9B2A2DE0532E}
	EndProjectSection
EndProject
Project("{8BC9CEB8-8B4A-11D0-8D11-00A0C91BC942}") = "upnpnat", "upnpnat\upnpnat.vcxproj", "{93A50857-B96E-4FCD-BC07-BB39332083BC}"
	ProjectSection(ProjectDependencies) = postProject
		{29CC0302-05D1-329E-88AB-9B2A2DE0532E} = {29CC0302-05D1-329E-88AB-9B2A2DE0532E}
	EndProjectSection
EndProject
Global
	GlobalSection(SolutionConfigurationPlatforms) = preSolution
		Debug|Win32 = Debug|Win32
		MinSizeRel|Win32 = MinSizeRel|Win32
		Release|Win32 = Release|Win32
		RelWithDebInfo|Win32 = RelWithDebInfo|Win32
	EndGlobalSection
	GlobalSection(ProjectConfigurationPlatforms) = postSolution
		{AD8ABDC8-412B-3007-A0DA-05448C52B7D2}.Debug|Win32.ActiveCfg = Debug|Win32
		{AD8ABDC8-412B-3007-A0DA-05448C52B7D2}.MinSizeRel|Win32.ActiveCfg = MinSizeRel|Win32
		{AD8ABDC8-412B-3007-A0DA-05448C52B7D2}.Release|Win32.ActiveCfg = Release|Win32
		{AD8ABDC8-412B-3007-A0DA-05448C52B7D2}.RelWithDebInfo|Win32.ActiveCfg = RelWithDebInfo|Win32
		{29CC0302-05D1-329E-88AB-9B2A2DE0532E}.Debug|Win32.ActiveCfg = Debug|Win32
		{29CC0302-05D1-329E-88AB-9B2A2DE0532E}.Debug|Win32.Build.0 = Debug|Win32
		{29CC0302-05D1-329E-88AB-9B2A2DE0532E}.MinSizeRel|Win32.ActiveCfg = MinSizeRel|Win32
		{29CC0302-05D1-329E-88AB-9B2A2DE0532E}.MinSizeRel|Win32.Build.0 = MinSizeRel|Win32
		{29CC0302-05D1-329E-88AB-9B2A2DE0532E}.Release|Win32.ActiveCfg = Release|Win32
		{29CC0302-05D1-329E-88AB-9B2A2DE0532E}.Release|Win32.Build.0 = Release|Win32
		{29CC0302-05D1-329E-88AB-9B2A2DE0532E}.RelWithDebInfo|Win32.ActiveCfg = RelWithDebInfo|Win32
		{29CC0302-05D1-329E-88AB-9B2A2DE0532E}.RelWithDebInfo|Win32.Build.0 = RelWithDebInfo|Win32
		{8282064D-5D5B-310F-A8C0-15BA11B90E99}.Debug|Win32.ActiveCfg = Debug|Win32
		{8282064D-5D5B-310F-A8C0-15BA11B90E99}.Debug|Win32.Build.0 = Debug|Win32
		{8282064D-5D5B-310F-A8C0-15BA11B90E99}.MinSizeRel|Win32.ActiveCfg = MinSizeRel|Win32
		{8282064D-5D5B-310F-A8C0-15BA11B90E99}.MinSizeRel|Win32.Build.0 = MinSizeRel|Win32
		{8282064D-5D5B-310F-A8C0-15BA11B90E99}.Release|Win32.ActiveCfg = Release|Win32
		{8282064D-5D5B-310F-A8C0-15BA11B90E99}.Release|Win32.Build.0 = Release|Win32
		{8282064D-5D5B-310F-A8C0-15BA11B90E99}.RelWithDebInfo|Win32.ActiveCfg = RelWithDebInfo|Win32
		{8282064D-5D5B-310F-A8C0-15BA11B90E99}.RelWithDebInfo|Win32.Build.0 = RelWithDebInfo|Win32
		{A95607B3-EA3C-39C9-AAE5-BB24431D1D62}.Debug|Win32.ActiveCfg = Debug|Win32
		{A95607B3-EA3C-39C9-AAE5-BB24431D1D62}.Debug|Win32.Build.0 = Debug|Win32
		{A95607B3-EA3C-39C9-AAE5-BB24431D1D62}.MinSizeRel|Win32.ActiveCfg = MinSizeRel|Win32
		{A95607B3-EA3C-39C9-AAE5-BB24431D1D62}.MinSizeRel|Win32.Build.0 = MinSizeRel|Win32
		{A95607B3-EA3C-39C9-AAE5-BB24431D1D62}.Release|Win32.ActiveCfg = Release|Win32
		{A95607B3-EA3C-39C9-AAE5-BB24431D1D62}.Release|Win32.Build.0 = Release|Win32
		{A95607B3-EA3C-39C9-AAE5-BB24431D1D62}.RelWithDebInfo|Win32.ActiveCfg = RelWithDebInfo|Win32
		{A95607B3-EA3C-39C9-AAE5-BB24431D1D62}.RelWithDebInfo|Win32.Build.0 = RelWithDebInfo|Win32
		{D93369CA-F4CA-3152-B377-B6A73AFC353B}.Debug|Win32.ActiveCfg = Debug|Win32
		{D93369CA-F4CA-3152-B377-B6A73AFC353B}.Debug|Win32.Build.0 = Debug|Win32
		{D93369CA-F4CA-3152-B377-B6A73AFC353B}.MinSizeRel|Win32.ActiveCfg = MinSizeRel|Win32
		{D93369CA-F4CA-3152-B377-B6A73AFC353B}.MinSizeRel|Win32.Build.0 = MinSizeRel|Win32
		{D93369CA-F4CA-3152-B377-B6A73AFC353B}.Release|Win32.ActiveCfg = Release|Win32
		{D93369CA-F4CA-3152-B377-B6A73AFC353B}.Release|Win32.Build.0 = Release|Win32
		{D93369CA-F4CA-3152-B377-B6A73AFC353B}.RelWithDebInfo|Win32.ActiveCfg = RelWithDebInfo|Win32
		{D93369CA-F4CA-3152-B377-B6A73AFC353B}.RelWithDebInfo|Win32.Build.0 = RelWithDebInfo|Win32
		{CAA95775-9D17-3062-AD07-85A4FBB18046}.Debug|Win32.ActiveCfg = Debug|Win32
		{CAA95775-9D17-3062-AD07-85A4FBB18046}.Debug|Win32.Build.0 = Debug|Win32
		{CAA95775-9D17-3062-AD07-85A4FBB18046}.MinSizeRel|Win32.ActiveCfg = MinSizeRel|Win32
		{CAA95775-9D17-3062-AD07-85A4FBB18046}.MinSizeRel|Win32.Build.0 = MinSizeRel|Win32
		{CAA95775-9D17-3062-AD07-85A4FBB18046}.Release|Win32.ActiveCfg = Release|Win32
		{CAA95775-9D17-3062-AD07-85A4FBB18046}.Release|Win32.Build.0 = Release|Win32
		{CAA95775-9D17-3062-AD07-85A4FBB18046}.RelWithDebInfo|Win32.ActiveCfg = RelWithDebInfo|Win32
		{CAA95775-9D17-3062-AD07-85A4FBB18046}.RelWithDebInfo|Win32.Build.0 = RelWithDebInfo|Win32
		{2456FF5B-5C7B-3D2F-AAD1-918D38F45497}.Debug|Win32.ActiveCfg = Debug|Win32
		{2456FF5B-5C7B-3D2F-AAD1-918D38F45497}.Debug|Win32.Build.0 = Debug|Win32
		{2456FF5B-5C7B-3D2F-AAD1-918D38F45497}.MinSizeRel|Win32.ActiveCfg = MinSizeRel|Win32
		{2456FF5B-5C7B-3D2F-AAD1-918D38F45497}.MinSizeRel|Win32.Build.0 = MinSizeRel|Win32
		{2456FF5B-5C7B-3D2F-AAD1-918D38F45497}.Release|Win32.ActiveCfg = Release|Win32
		{2456FF5B-5C7B-3D2F-AAD1-918D38F45497}.Release|Win32.Build.0 = Release|Win32
		{2456FF5B-5C7B-3D2F-AAD1-918D38F45497}.RelWithDebInfo|Win32.ActiveCfg = RelWithDebInfo|Win32
		{2456FF5B-5C7B-3D2F-AAD1-918D38F45497}.RelWithDebInfo|Win32.Build.0 = RelWithDebInfo|Win32
		{93A50857-B96E-4FCD-BC07-BB39332083BC}.Debug|Win32.ActiveCfg = Debug|Win32
		{93A50857-B96E-4FCD-BC07-BB39332083BC}.Debug|Win32.Build.0 = Debug|Win32
		{93A50857-B96E-4FCD-BC07-BB39332083BC}.MinSizeRel|Win32.ActiveCfg = Release|Win32
		{93A50857-B96E-4FCD-BC07-BB39332083BC}.MinSizeRel|Win32.Build.0 = Release|Win32
		{93A50857-B96E-4FCD-BC07-BB39332083BC}.Release|Win32.ActiveCfg = Release|Win32
		{93A50857-B96E-4FCD-BC07-BB39332083BC}.Release|Win32.Build.0 = Release|Win32
		{93A50857-B96E-4FCD-BC07-BB39332083BC}.RelWithDebInfo|Win32.ActiveCfg = Release|Win32
		{93A50857-B96E-4FCD-BC07-BB39332083BC}.RelWithDebInfo|Win32.Build.0 = Release|Win32
	EndGlobalSection
	GlobalSection(SolutionProperties) = preSolution
		HideSolutionNode = FALSE
	EndGlobalSection
	GlobalSection(ExtensibilityGlobals) = postSolution
		SolutionGuid = {290FC006-EF30-3CCB-A970-4818540B96E5}
	EndGlobalSection
EndGlobal
