<?xml version="1.0" encoding="utf-8"?>
<Project ToolsVersion="4.0" xmlns="http://schemas.microsoft.com/developer/msbuild/2003">
  <ItemGroup>
    <ClCompile Include="idlib\bv\Bounds.cpp">
      <Filter>Source Files</Filter>
    </ClCompile>
    <ClCompile Include="idlib\bv\Frustum.cpp">
      <Filter>Source Files</Filter>
    </ClCompile>
    <ClCompile Include="idlib\bv\Sphere.cpp">
      <Filter>Source Files</Filter>
    </ClCompile>
    <ClCompile Include="idlib\bv\Box.cpp">
      <Filter>Source Files</Filter>
    </ClCompile>
    <ClCompile Include="idlib\geometry\DrawVert.cpp">
      <Filter>Source Files</Filter>
    </ClCompile>
    <ClCompile Include="idlib\geometry\Winding2D.cpp">
      <Filter>Source Files</Filter>
    </ClCompile>
    <ClCompile Include="idlib\geometry\Surface_SweptSpline.cpp">
      <Filter>Source Files</Filter>
    </ClCompile>
    <ClCompile Include="idlib\geometry\Winding.cpp">
      <Filter>Source Files</Filter>
    </ClCompile>
    <ClCompile Include="idlib\geometry\Surface.cpp">
      <Filter>Source Files</Filter>
    </ClCompile>
    <ClCompile Include="idlib\geometry\Surface_Patch.cpp">
      <Filter>Source Files</Filter>
    </ClCompile>
    <ClCompile Include="idlib\geometry\TraceModel.cpp">
      <Filter>Source Files</Filter>
    </ClCompile>
    <ClCompile Include="idlib\geometry\JointTransform.cpp">
      <Filter>Source Files</Filter>
    </ClCompile>
    <ClCompile Include="idlib\hashing\CRC32.cpp">
      <Filter>Source Files</Filter>
    </ClCompile>
    <ClCompile Include="idlib\hashing\MD4.cpp">
      <Filter>Source Files</Filter>
    </ClCompile>
    <ClCompile Include="idlib\hashing\MD5.cpp">
      <Filter>Source Files</Filter>
    </ClCompile>
    <ClCompile Include="idlib\math\Angles.cpp">
      <Filter>Source Files</Filter>
    </ClCompile>
    <ClCompile Include="idlib\math\Lcp.cpp">
      <Filter>Source Files</Filter>
    </ClCompile>
    <ClCompile Include="idlib\math\Math.cpp">
      <Filter>Source Files</Filter>
    </ClCompile>
    <ClCompile Include="idlib\math\Matrix.cpp">
      <Filter>Source Files</Filter>
    </ClCompile>
    <ClCompile Include="idlib\math\Ode.cpp">
      <Filter>Source Files</Filter>
    </ClCompile>
    <ClCompile Include="idlib\math\Plane.cpp">
      <Filter>Source Files</Filter>
    </ClCompile>
    <ClCompile Include="idlib\math\Pluecker.cpp">
      <Filter>Source Files</Filter>
    </ClCompile>
    <ClCompile Include="idlib\math\Polynomial.cpp">
      <Filter>Source Files</Filter>
    </ClCompile>
    <ClCompile Include="idlib\math\Quat.cpp">
      <Filter>Source Files</Filter>
    </ClCompile>
    <ClCompile Include="idlib\math\Rotation.cpp">
      <Filter>Source Files</Filter>
    </ClCompile>
    <ClCompile Include="idlib\math\Simd.cpp">
      <Filter>Source Files</Filter>
    </ClCompile>
    <ClCompile Include="idlib\math\Simd_Generic.cpp">
      <Filter>Source Files</Filter>
    </ClCompile>
    <ClCompile Include="idlib\math\Simd_AltiVec.cpp">
      <Filter>Source Files</Filter>
    </ClCompile>
    <ClCompile Include="idlib\math\Simd_MMX.cpp">
      <Filter>Source Files</Filter>
    </ClCompile>
    <ClCompile Include="idlib\math\Simd_3DNow.cpp">
      <Filter>Source Files</Filter>
    </ClCompile>
    <ClCompile Include="idlib\math\Simd_SSE.cpp">
      <Filter>Source Files</Filter>
    </ClCompile>
    <ClCompile Include="idlib\math\Simd_SSE2.cpp">
      <Filter>Source Files</Filter>
    </ClCompile>
    <ClCompile Include="idlib\math\Simd_SSE3.cpp">
      <Filter>Source Files</Filter>
    </ClCompile>
    <ClCompile Include="idlib\math\Vector.cpp">
      <Filter>Source Files</Filter>
    </ClCompile>
    <ClCompile Include="idlib\BitMsg.cpp">
      <Filter>Source Files</Filter>
    </ClCompile>
    <ClCompile Include="idlib\LangDict.cpp">
      <Filter>Source Files</Filter>
    </ClCompile>
    <ClCompile Include="idlib\Lexer.cpp">
      <Filter>Source Files</Filter>
    </ClCompile>
    <ClCompile Include="idlib\Lib.cpp">
      <Filter>Source Files</Filter>
    </ClCompile>
    <ClCompile Include="idlib\containers\HashIndex.cpp">
      <Filter>Source Files</Filter>
    </ClCompile>
    <ClCompile Include="idlib\Dict.cpp">
      <Filter>Source Files</Filter>
    </ClCompile>
    <ClCompile Include="idlib\Str.cpp">
      <Filter>Source Files</Filter>
    </ClCompile>
    <ClCompile Include="idlib\Parser.cpp">
      <Filter>Source Files</Filter>
    </ClCompile>
    <ClCompile Include="idlib\MapFile.cpp">
      <Filter>Source Files</Filter>
    </ClCompile>
    <ClCompile Include="idlib\CmdArgs.cpp">
      <Filter>Source Files</Filter>
    </ClCompile>
    <ClCompile Include="idlib\Token.cpp">
      <Filter>Source Files</Filter>
    </ClCompile>
    <ClCompile Include="idlib\Base64.cpp">
      <Filter>Source Files</Filter>
    </ClCompile>
    <ClCompile Include="idlib\Timer.cpp">
      <Filter>Source Files</Filter>
    </ClCompile>
    <ClCompile Include="idlib\Heap.cpp">
      <Filter>Source Files</Filter>
    </ClCompile>
    <ClCompile Include="idlib\geometry\RenderMatrix.cpp">
      <Filter>Source Files</Filter>
    </ClCompile>
  </ItemGroup>
  <ItemGroup>
    <CustomBuild Include="CMakeLists.txt" />
  </ItemGroup>
  <ItemGroup>
    <Filter Include="Source Files">
      <UniqueIdentifier>{DEC3833F-997B-35EE-B5FE-C93AD39B567A}</UniqueIdentifier>
    </Filter>
  </ItemGroup>
</Project>