<?xml version="1.0" encoding="utf-8"?>
<Project ToolsVersion="4.0" xmlns="http://schemas.microsoft.com/developer/msbuild/2003">
  <ItemGroup>
    <CustomBuild Include="CMakeFiles\b30571e19e1d24bb36be36fef8702b3d\generate.stamp.rule">
      <Filter>CMake Rules</Filter>
    </CustomBuild>
  </ItemGroup>
  <ItemGroup>
    <Filter Include="CMake Rules">
      <UniqueIdentifier>{31034F07-7AC8-3A7E-9FA5-3E2CF0F9F24E}</UniqueIdentifier>
    </Filter>
  </ItemGroup>
</Project>
